
Microsoft Visual Studio Solution File, Format Version 11.00
# Visual C++ Express 2010
Project("{8BC9CEB8-8B4A-11D0-8D11-00A0C91BC942}") = "Test3", "Test3\Test3.vcxproj", "{8C678A8B-6F3C-4403-B9ED-904682A460A6}"
EndProject
Global
	GlobalSection(SolutionConfigurationPlatforms) = preSolution
		Debug|Win32 = Debug|Win32
		Release|Win32 = Release|Win32
	EndGlobalSection
	GlobalSection(ProjectConfigurationPlatforms) = postSolution
		{8C678A8B-6F3C-4403-B9ED-904682A460A6}.Debug|Win32.ActiveCfg = Debug|Win32
		{8C678A8B-6F3C-4403-B9ED-904682A460A6}.Debug|Win32.Build.0 = Debug|Win32
		{8C678A8B-6F3C-4403-B9ED-904682A460A6}.Release|Win32.ActiveCfg = Release|Win32
		{8C678A8B-6F3C-4403-B9ED-904682A460A6}.Release|Win32.Build.0 = Release|Win32
	EndGlobalSection
	GlobalSection(SolutionProperties) = preSolution
		HideSolutionNode = FALSE
	EndGlobalSection
EndGlobal
