
Microsoft Visual Studio Solution File, Format Version 11.00
# Visual Basic Express 2010
Project("{F184B08F-C81C-45F6-A57F-5ABD9991F28F}") = "Hack Me 2", "Hack Me 2\Hack Me 2.vbproj", "{C55BD538-51EB-4A1B-8646-FB246C30AF94}"
EndProject
Global
	GlobalSection(SolutionConfigurationPlatforms) = preSolution
		Debug|x86 = Debug|x86
		Release|x86 = Release|x86
	EndGlobalSection
	GlobalSection(ProjectConfigurationPlatforms) = postSolution
		{C55BD538-51EB-4A1B-8646-FB246C30AF94}.Debug|x86.ActiveCfg = Debug|x86
		{C55BD538-51EB-4A1B-8646-FB246C30AF94}.Debug|x86.Build.0 = Debug|x86
		{C55BD538-51EB-4A1B-8646-FB246C30AF94}.Release|x86.ActiveCfg = Release|x86
		{C55BD538-51EB-4A1B-8646-FB246C30AF94}.Release|x86.Build.0 = Release|x86
	EndGlobalSection
	GlobalSection(SolutionProperties) = preSolution
		HideSolutionNode = FALSE
	EndGlobalSection
EndGlobal
