
Microsoft Visual Studio Solution File, Format Version 11.00
# Visual Basic Express 2010
Project("{F184B08F-C81C-45F6-A57F-5ABD9991F28F}") = "Hack1", "Hack1\Hack1.vbproj", "{CC36FBEF-79CC-4425-99CB-9D75D31A598B}"
EndProject
Global
	GlobalSection(SolutionConfigurationPlatforms) = preSolution
		Debug|Any CPU = Debug|Any CPU
		Release|Any CPU = Release|Any CPU
	EndGlobalSection
	GlobalSection(ProjectConfigurationPlatforms) = postSolution
		{CC36FBEF-79CC-4425-99CB-9D75D31A598B}.Debug|Any CPU.ActiveCfg = Debug|Any CPU
		{CC36FBEF-79CC-4425-99CB-9D75D31A598B}.Debug|Any CPU.Build.0 = Debug|Any CPU
		{CC36FBEF-79CC-4425-99CB-9D75D31A598B}.Release|Any CPU.ActiveCfg = Release|Any CPU
		{CC36FBEF-79CC-4425-99CB-9D75D31A598B}.Release|Any CPU.Build.0 = Release|Any CPU
	EndGlobalSection
	GlobalSection(SolutionProperties) = preSolution
		HideSolutionNode = FALSE
	EndGlobalSection
EndGlobal
