
Microsoft Visual Studio Solution File, Format Version 11.00
# Visual Basic Express 2010
Project("{F184B08F-C81C-45F6-A57F-5ABD9991F28F}") = "Random Numbers", "Random Numbers\Random Numbers.vbproj", "{BF030ECB-A2C7-4272-B285-24C585C8C5BF}"
EndProject
Global
	GlobalSection(SolutionConfigurationPlatforms) = preSolution
		Debug|x86 = Debug|x86
		Release|x86 = Release|x86
	EndGlobalSection
	GlobalSection(ProjectConfigurationPlatforms) = postSolution
		{BF030ECB-A2C7-4272-B285-24C585C8C5BF}.Debug|x86.ActiveCfg = Debug|x86
		{BF030ECB-A2C7-4272-B285-24C585C8C5BF}.Debug|x86.Build.0 = Debug|x86
		{BF030ECB-A2C7-4272-B285-24C585C8C5BF}.Release|x86.ActiveCfg = Release|x86
		{BF030ECB-A2C7-4272-B285-24C585C8C5BF}.Release|x86.Build.0 = Release|x86
	EndGlobalSection
	GlobalSection(SolutionProperties) = preSolution
		HideSolutionNode = FALSE
	EndGlobalSection
EndGlobal
