
Microsoft Visual Studio Solution File, Format Version 11.00
# Visual Basic Express 2010
Project("{F184B08F-C81C-45F6-A57F-5ABD9991F28F}") = "Hack Me 5", "Hack Me 5\Hack Me 5.vbproj", "{FBEC2C1E-CA16-48CE-A0AA-4AD255EBCA34}"
EndProject
Global
	GlobalSection(SolutionConfigurationPlatforms) = preSolution
		Debug|x86 = Debug|x86
		Release|x86 = Release|x86
	EndGlobalSection
	GlobalSection(ProjectConfigurationPlatforms) = postSolution
		{FBEC2C1E-CA16-48CE-A0AA-4AD255EBCA34}.Debug|x86.ActiveCfg = Debug|x86
		{FBEC2C1E-CA16-48CE-A0AA-4AD255EBCA34}.Debug|x86.Build.0 = Debug|x86
		{FBEC2C1E-CA16-48CE-A0AA-4AD255EBCA34}.Release|x86.ActiveCfg = Release|x86
		{FBEC2C1E-CA16-48CE-A0AA-4AD255EBCA34}.Release|x86.Build.0 = Release|x86
	EndGlobalSection
	GlobalSection(SolutionProperties) = preSolution
		HideSolutionNode = FALSE
	EndGlobalSection
EndGlobal
