
Microsoft Visual Studio Solution File, Format Version 11.00
# Visual Basic Express 2010
Project("{F184B08F-C81C-45F6-A57F-5ABD9991F28F}") = "Blob RPG", "Blob RPG\Blob RPG.vbproj", "{4292F319-0A2F-48B9-A916-C6DEB36DEDFE}"
EndProject
Global
	GlobalSection(SolutionConfigurationPlatforms) = preSolution
		Debug|x86 = Debug|x86
		Release|x86 = Release|x86
	EndGlobalSection
	GlobalSection(ProjectConfigurationPlatforms) = postSolution
		{4292F319-0A2F-48B9-A916-C6DEB36DEDFE}.Debug|x86.ActiveCfg = Debug|x86
		{4292F319-0A2F-48B9-A916-C6DEB36DEDFE}.Debug|x86.Build.0 = Debug|x86
		{4292F319-0A2F-48B9-A916-C6DEB36DEDFE}.Release|x86.ActiveCfg = Release|x86
		{4292F319-0A2F-48B9-A916-C6DEB36DEDFE}.Release|x86.Build.0 = Release|x86
	EndGlobalSection
	GlobalSection(SolutionProperties) = preSolution
		HideSolutionNode = FALSE
	EndGlobalSection
EndGlobal
