
Microsoft Visual Studio Solution File, Format Version 11.00
# Visual Basic Express 2010
Project("{F184B08F-C81C-45F6-A57F-5ABD9991F28F}") = "Remote_Access_Client", "Remote_Access_Client\Remote_Access_Client.vbproj", "{A75E9DEA-3E25-4E77-AEF2-40B5C1442C29}"
EndProject
Global
	GlobalSection(SolutionConfigurationPlatforms) = preSolution
		Debug|x86 = Debug|x86
		Release|x86 = Release|x86
	EndGlobalSection
	GlobalSection(ProjectConfigurationPlatforms) = postSolution
		{A75E9DEA-3E25-4E77-AEF2-40B5C1442C29}.Debug|x86.ActiveCfg = Debug|x86
		{A75E9DEA-3E25-4E77-AEF2-40B5C1442C29}.Debug|x86.Build.0 = Debug|x86
		{A75E9DEA-3E25-4E77-AEF2-40B5C1442C29}.Release|x86.ActiveCfg = Release|x86
		{A75E9DEA-3E25-4E77-AEF2-40B5C1442C29}.Release|x86.Build.0 = Release|x86
	EndGlobalSection
	GlobalSection(SolutionProperties) = preSolution
		HideSolutionNode = FALSE
	EndGlobalSection
EndGlobal
