
Microsoft Visual Studio Solution File, Format Version 11.00
# Visual Basic Express 2010
Project("{F184B08F-C81C-45F6-A57F-5ABD9991F28F}") = "Hack Me 1", "Hack Me 1\Hack Me 1.vbproj", "{9EECA6EA-0AA4-45A3-9E53-5F7FC1C95E22}"
EndProject
Global
	GlobalSection(SolutionConfigurationPlatforms) = preSolution
		Debug|x86 = Debug|x86
		Release|x86 = Release|x86
	EndGlobalSection
	GlobalSection(ProjectConfigurationPlatforms) = postSolution
		{9EECA6EA-0AA4-45A3-9E53-5F7FC1C95E22}.Debug|x86.ActiveCfg = Debug|x86
		{9EECA6EA-0AA4-45A3-9E53-5F7FC1C95E22}.Debug|x86.Build.0 = Debug|x86
		{9EECA6EA-0AA4-45A3-9E53-5F7FC1C95E22}.Release|x86.ActiveCfg = Release|x86
		{9EECA6EA-0AA4-45A3-9E53-5F7FC1C95E22}.Release|x86.Build.0 = Release|x86
	EndGlobalSection
	GlobalSection(SolutionProperties) = preSolution
		HideSolutionNode = FALSE
	EndGlobalSection
EndGlobal
