
Microsoft Visual Studio Solution File, Format Version 11.00
# Visual Basic Express 2010
Project("{F184B08F-C81C-45F6-A57F-5ABD9991F28F}") = "Bot Updater", "Bot Updater\Bot Updater.vbproj", "{956EA1A2-7794-471D-A837-408151B173F1}"
EndProject
Global
	GlobalSection(SolutionConfigurationPlatforms) = preSolution
		Debug|x86 = Debug|x86
		Release|x86 = Release|x86
	EndGlobalSection
	GlobalSection(ProjectConfigurationPlatforms) = postSolution
		{956EA1A2-7794-471D-A837-408151B173F1}.Debug|x86.ActiveCfg = Debug|x86
		{956EA1A2-7794-471D-A837-408151B173F1}.Debug|x86.Build.0 = Debug|x86
		{956EA1A2-7794-471D-A837-408151B173F1}.Release|x86.ActiveCfg = Release|x86
		{956EA1A2-7794-471D-A837-408151B173F1}.Release|x86.Build.0 = Release|x86
	EndGlobalSection
	GlobalSection(SolutionProperties) = preSolution
		HideSolutionNode = FALSE
	EndGlobalSection
EndGlobal
